
Microsoft Visual Studio Solution File, Format Version 12.00
# Visual Studio Version 17
VisualStudioVersion = 17.1.32210.238
MinimumVisualStudioVersion = 10.0.40219.1
Project("{9A19103F-16F7-4668-BE54-9A1E7A4F7556}") = "GroceryStore", "GroceryStore\GroceryStore.csproj", "{05706574-9ED2-47AC-9992-F98F1A529290}"
EndProject
Project("{9A19103F-16F7-4668-BE54-9A1E7A4F7556}") = "GroceryStoreSystem", "GroceryStoreSystem\GroceryStoreSystem.csproj", "{86EA7B2D-9157-4452-9BCA-F4DDD463B10B}"
EndProject
Global
	GlobalSection(SolutionConfigurationPlatforms) = preSolution
		Debug|Any CPU = Debug|Any CPU
		Release|Any CPU = Release|Any CPU
	EndGlobalSection
	GlobalSection(ProjectConfigurationPlatforms) = postSolution
		{05706574-9ED2-47AC-9992-F98F1A529290}.Debug|Any CPU.ActiveCfg = Debug|Any CPU
		{05706574-9ED2-47AC-9992-F98F1A529290}.Debug|Any CPU.Build.0 = Debug|Any CPU
		{05706574-9ED2-47AC-9992-F98F1A529290}.Release|Any CPU.ActiveCfg = Release|Any CPU
		{05706574-9ED2-47AC-9992-F98F1A529290}.Release|Any CPU.Build.0 = Release|Any CPU
		{86EA7B2D-9157-4452-9BCA-F4DDD463B10B}.Debug|Any CPU.ActiveCfg = Debug|Any CPU
		{86EA7B2D-9157-4452-9BCA-F4DDD463B10B}.Debug|Any CPU.Build.0 = Debug|Any CPU
		{86EA7B2D-9157-4452-9BCA-F4DDD463B10B}.Release|Any CPU.ActiveCfg = Release|Any CPU
		{86EA7B2D-9157-4452-9BCA-F4DDD463B10B}.Release|Any CPU.Build.0 = Release|Any CPU
	EndGlobalSection
	GlobalSection(SolutionProperties) = preSolution
		HideSolutionNode = FALSE
	EndGlobalSection
	GlobalSection(ExtensibilityGlobals) = postSolution
		SolutionGuid = {755E988E-5E7B-4F92-88AE-70CBDB604FDD}
	EndGlobalSection
EndGlobal
